PODS:
  - SDWebImage (3.8.1):
    - SDWebImage/Core (= 3.8.1)
  - SDWebImage/Core (3.8.1)
  - YYModel (1.0.4)

DEPENDENCIES:
  - SDWebImage
  - YYModel

SPEC CHECKSUMS:
  SDWebImage: 35f9627a3e44b4f292a8a8ce6a531fa488239b91
  YYModel: 2a7fdd96aaa4b86a824e26d0c517de8928c04b30

PODFILE CHECKSUM: 7a8b1d33abf18edc09947f0d679a7a4f52fc4112

COCOAPODS: 1.1.1
